<?xml version="1.0" encoding="utf-8"?>
<Project ToolsVersion="4.0" xmlns="http://schemas.microsoft.com/developer/msbuild/2003">
  <ItemGroup>
    <Filter Include="Framework">
      <UniqueIdentifier>{d1d7acc8-f906-49d7-b743-180d04c3121b}</UniqueIdentifier>
    </Filter>
    <Filter Include="Shaders">
      <UniqueIdentifier>{6b99ad3c-3cdf-46f1-8861-52fafb48fbaa}</UniqueIdentifier>
    </Filter>
    <Filter Include="ThirdParty">
      <UniqueIdentifier>{326565c8-841f-4623-b6ee-98594cf16101}</UniqueIdentifier>
    </Filter>
    <Filter Include="Shaders\Lib">
      <UniqueIdentifier>{c5149cd6-7439-4f91-94a3-35bca373bb19}</UniqueIdentifier>
    </Filter>
    <Filter Include="Shaders\sfx">
      <UniqueIdentifier>{a4acc85d-a6ba-4a40-9113-fc962d398757}</UniqueIdentifier>
    </Filter>
  </ItemGroup>
  <ItemGroup>
    <ClInclude Include="..\..\Framework\include\BufferManager.h">
      <Filter>Framework</Filter>
    </ClInclude>
    <ClInclude Include="..\..\Framework\include\Camera.h">
      <Filter>Framework</Filter>
    </ClInclude>
    <ClInclude Include="..\..\Framework\include\GPUResource.h">
      <Filter>Framework</Filter>
    </ClInclude>
    <ClInclude Include="..\..\Framework\include\GraphicContext.h">
      <Filter>Framework</Filter>
    </ClInclude>
    <ClInclude Include="..\..\Framework\include\GraphicPipeline.h">
      <Filter>Framework</Filter>
    </ClInclude>
    <ClInclude Include="..\..\Framework\include\GraphicsUtility.h">
      <Filter>Framework</Filter>
    </ClInclude>
    <ClInclude Include="..\..\Framework\include\ImportObj.h">
      <Filter>Framework</Filter>
    </ClInclude>
    <ClInclude Include="..\..\Framework\include\InputManager.h">
      <Filter>Framework</Filter>
    </ClInclude>
    <ClInclude Include="..\..\Framework\include\Light.h">
      <Filter>Framework</Filter>
    </ClInclude>
    <ClInclude Include="..\..\Framework\include\Material.h">
      <Filter>Framework</Filter>
    </ClInclude>
    <ClInclude Include="..\..\Framework\include\MathLib.h">
      <Filter>Framework</Filter>
    </ClInclude>
    <ClInclude Include="..\..\Framework\include\SkySphere.h">
      <Filter>Framework</Filter>
    </ClInclude>
    <ClInclude Include="..\..\Framework\include\StaticMesh.h">
      <Filter>Framework</Filter>
    </ClInclude>
    <ClInclude Include="..\..\Framework\include\stdafx.h">
      <Filter>Framework</Filter>
    </ClInclude>
    <ClInclude Include="..\..\Framework\include\Utility.h">
      <Filter>Framework</Filter>
    </ClInclude>
    <ClInclude Include="..\..\Framework\include\WinApp.h">
      <Filter>Framework</Filter>
    </ClInclude>
  </ItemGroup>
  <ItemGroup>
    <None Include="..\..\Shaders\BRDF_Lib.hlsl">
      <Filter>Shaders\Lib</Filter>
    </None>
    <None Include="..\..\Shaders\Common_Define.hlsl">
      <Filter>Shaders\Lib</Filter>
    </None>
    <None Include="..\..\Shaders\Common_Function.hlsl">
      <Filter>Shaders\Lib</Filter>
    </None>
    <None Include="..\..\Shaders\Light_Lib.hlsl">
      <Filter>Shaders\Lib</Filter>
    </None>
    <None Include="..\..\Shaders\color.fx">
      <Filter>Shaders\sfx</Filter>
    </None>
    <None Include="..\..\Shaders\color_material.fx">
      <Filter>Shaders\sfx</Filter>
    </None>
    <None Include="..\..\Shaders\color_view_info.fx">
      <Filter>Shaders\sfx</Filter>
    </None>
    <None Include="..\..\Shaders\light_color.fx">
      <Filter>Shaders\sfx</Filter>
    </None>
    <None Include="..\..\Shaders\light_material.fx">
      <Filter>Shaders\sfx</Filter>
    </None>
    <None Include="..\..\Shaders\Mat_DefaultShader.fx">
      <Filter>Shaders\sfx</Filter>
    </None>
    <None Include="..\..\Shaders\position_color.fx">
      <Filter>Shaders\sfx</Filter>
    </None>
    <None Include="..\..\Shaders\SkySphereShader.fx">
      <Filter>Shaders\sfx</Filter>
    </None>
  </ItemGroup>
  <ItemGroup>
    <ClCompile Include="..\..\Framework\source\BufferManager.cpp">
      <Filter>Framework</Filter>
    </ClCompile>
    <ClCompile Include="..\..\Framework\source\Camera.cpp">
      <Filter>Framework</Filter>
    </ClCompile>
    <ClCompile Include="..\..\Framework\source\GPUResource.cpp">
      <Filter>Framework</Filter>
    </ClCompile>
    <ClCompile Include="..\..\Framework\source\GraphicContext.cpp">
      <Filter>Framework</Filter>
    </ClCompile>
    <ClCompile Include="..\..\Framework\source\GraphicPipeline.cpp">
      <Filter>Framework</Filter>
    </ClCompile>
    <ClCompile Include="..\..\Framework\source\GraphicsUtility.cpp">
      <Filter>Framework</Filter>
    </ClCompile>
    <ClCompile Include="..\..\Framework\source\ImportObj.cpp">
      <Filter>Framework</Filter>
    </ClCompile>
    <ClCompile Include="..\..\Framework\source\InputManager.cpp">
      <Filter>Framework</Filter>
    </ClCompile>
    <ClCompile Include="..\..\Framework\source\Light.cpp">
      <Filter>Framework</Filter>
    </ClCompile>
    <ClCompile Include="..\..\Framework\source\Material.cpp">
      <Filter>Framework</Filter>
    </ClCompile>
    <ClCompile Include="..\..\Framework\source\MathLib.cpp">
      <Filter>Framework</Filter>
    </ClCompile>
    <ClCompile Include="..\..\Framework\source\SkySphere.cpp">
      <Filter>Framework</Filter>
    </ClCompile>
    <ClCompile Include="..\..\Framework\source\StaticMesh.cpp">
      <Filter>Framework</Filter>
    </ClCompile>
    <ClCompile Include="..\..\Framework\source\Utility.cpp">
      <Filter>Framework</Filter>
    </ClCompile>
    <ClCompile Include="..\..\Framework\source\WinApp.cpp">
      <Filter>Framework</Filter>
    </ClCompile>
  </ItemGroup>
</Project>