<?xml version="1.0" encoding="utf-8"?>
<Project ToolsVersion="4.0" xmlns="http://schemas.microsoft.com/developer/msbuild/2003">
  <ItemGroup>
    <Filter Include="头文件">
      <UniqueIdentifier>{93995380-89BD-4b04-88EB-625FBE52EBFB}</UniqueIdentifier>
      <Extensions>h;hh;hpp;hxx;hm;inl;inc;ipp;xsd</Extensions>
    </Filter>
    <Filter Include="资源文件">
      <UniqueIdentifier>{67DA6AB6-F800-4c08-8B7A-83BB121AAD01}</UniqueIdentifier>
      <Extensions>rc;ico;cur;bmp;dlg;rc2;rct;bin;rgs;gif;jpg;jpeg;jpe;resx;tiff;tif;png;wav;mfcribbon-ms</Extensions>
    </Filter>
    <Filter Include="libs">
      <UniqueIdentifier>{dd8249a1-ab26-4f38-af2d-54351be46da4}</UniqueIdentifier>
    </Filter>
    <Filter Include="Framework">
      <UniqueIdentifier>{d1d7acc8-f906-49d7-b743-180d04c3121b}</UniqueIdentifier>
    </Filter>
    <Filter Include="Shaders">
      <UniqueIdentifier>{6b99ad3c-3cdf-46f1-8861-52fafb48fbaa}</UniqueIdentifier>
    </Filter>
    <Filter Include="Apps">
      <UniqueIdentifier>{6a2ace3f-361c-4a63-a3eb-d477334ceebf}</UniqueIdentifier>
    </Filter>
    <Filter Include="源文件">
      <UniqueIdentifier>{4FC737F1-C7A5-4376-A066-2A32D752A2FF}</UniqueIdentifier>
      <Extensions>cpp;c;cc;cxx;def;odl;idl;hpj;bat;asm;asmx</Extensions>
    </Filter>
    <Filter Include="ThirdParty">
      <UniqueIdentifier>{326565c8-841f-4623-b6ee-98594cf16101}</UniqueIdentifier>
    </Filter>
    <Filter Include="ThirdParty\imgui">
      <UniqueIdentifier>{5824bca1-b36a-43c7-9a78-91521870301e}</UniqueIdentifier>
    </Filter>
    <Filter Include="Apps\imgui_dx12">
      <UniqueIdentifier>{88533b08-17a2-448f-9d2f-c982add0aa9f}</UniqueIdentifier>
    </Filter>
  </ItemGroup>
  <ItemGroup>
    <ClInclude Include="targetver.h">
      <Filter>头文件</Filter>
    </ClInclude>
    <ClInclude Include="Resource.h">
      <Filter>头文件</Filter>
    </ClInclude>
    <ClInclude Include="D3D12Demo.h">
      <Filter>头文件</Filter>
    </ClInclude>
    <ClInclude Include="..\..\libs\d3dx12.h">
      <Filter>libs</Filter>
    </ClInclude>
    <ClInclude Include="..\..\Framework\stdafx.h">
      <Filter>Framework</Filter>
    </ClInclude>
    <ClInclude Include="..\..\Apps\DrawBoxApp.h">
      <Filter>Apps</Filter>
    </ClInclude>
    <ClInclude Include="..\..\Apps\DrawBoxArrayApp.h">
      <Filter>Apps</Filter>
    </ClInclude>
    <ClInclude Include="..\..\Framework\WinApp.h">
      <Filter>Framework</Filter>
    </ClInclude>
    <ClInclude Include="..\..\Framework\StaticMesh.h">
      <Filter>Framework</Filter>
    </ClInclude>
    <ClInclude Include="..\..\Framework\Utility.h">
      <Filter>Framework</Filter>
    </ClInclude>
    <ClInclude Include="..\..\Framework\GraphicsUtility.h">
      <Filter>Framework</Filter>
    </ClInclude>
    <ClInclude Include="..\..\Apps\TestInputLayout.h">
      <Filter>Apps</Filter>
    </ClInclude>
    <ClInclude Include="..\..\Framework\ImportObj.h">
      <Filter>Framework</Filter>
    </ClInclude>
    <ClInclude Include="..\..\Framework\Camera.h">
      <Filter>Framework</Filter>
    </ClInclude>
    <ClInclude Include="..\..\Framework\InputManager.h">
      <Filter>Framework</Filter>
    </ClInclude>
    <ClInclude Include="..\Framework\BufferManager.h">
      <Filter>头文件</Filter>
    </ClInclude>
    <ClInclude Include="..\..\ThirdParty\imgui-master\imconfig.h">
      <Filter>ThirdParty\imgui</Filter>
    </ClInclude>
    <ClInclude Include="..\..\ThirdParty\imgui-master\imgui.h">
      <Filter>ThirdParty\imgui</Filter>
    </ClInclude>
    <ClInclude Include="..\..\ThirdParty\imgui-master\imgui_internal.h">
      <Filter>ThirdParty\imgui</Filter>
    </ClInclude>
    <ClInclude Include="..\..\Apps\imgui_dx12\imgui_impl_dx12.h">
      <Filter>Apps\imgui_dx12</Filter>
    </ClInclude>
    <ClInclude Include="..\..\Apps\imgui_dx12\imgui_impl_win32.h">
      <Filter>Apps\imgui_dx12</Filter>
    </ClInclude>
    <ClInclude Include="..\..\Apps\LightSourceApp.h">
      <Filter>Apps</Filter>
    </ClInclude>
    <ClInclude Include="..\..\Framework\Light.h">
      <Filter>Framework</Filter>
    </ClInclude>
    <ClInclude Include="..\..\Framework\BufferManager.h">
      <Filter>Framework</Filter>
    </ClInclude>
    <ClInclude Include="..\..\Framework\GraphicPipeline.h">
      <Filter>Framework</Filter>
    </ClInclude>
    <ClInclude Include="..\..\Framework\GPUResource.h">
      <Filter>Framework</Filter>
    </ClInclude>
    <ClInclude Include="..\..\Apps\Material_BRDF.h">
      <Filter>Apps</Filter>
    </ClInclude>
  </ItemGroup>
  <ItemGroup>
    <ClCompile Include="..\..\Framework\stdafx.cpp">
      <Filter>Framework</Filter>
    </ClCompile>
    <ClCompile Include="..\..\Apps\DrawBoxApp.cpp">
      <Filter>Apps</Filter>
    </ClCompile>
    <ClCompile Include="..\..\Apps\DrawBoxArrayApp.cpp">
      <Filter>Apps</Filter>
    </ClCompile>
    <ClCompile Include="..\..\Framework\WinApp.cpp">
      <Filter>Framework</Filter>
    </ClCompile>
    <ClCompile Include="..\..\Framework\StaticMesh.cpp">
      <Filter>Framework</Filter>
    </ClCompile>
    <ClCompile Include="..\..\Framework\Utility.cpp">
      <Filter>Framework</Filter>
    </ClCompile>
    <ClCompile Include="..\..\Framework\GraphicsUtility.cpp">
      <Filter>Framework</Filter>
    </ClCompile>
    <ClCompile Include="..\..\Framework\BufferManager.cpp">
      <Filter>Framework</Filter>
    </ClCompile>
    <ClCompile Include="..\..\Apps\TestInputLayout.cpp">
      <Filter>Apps</Filter>
    </ClCompile>
    <ClCompile Include="..\..\Framework\ImportObj.cpp">
      <Filter>Framework</Filter>
    </ClCompile>
    <ClCompile Include="..\..\Framework\Camera.cpp">
      <Filter>Framework</Filter>
    </ClCompile>
    <ClCompile Include="..\..\Framework\InputManager.cpp">
      <Filter>Framework</Filter>
    </ClCompile>
    <ClCompile Include="D3D12Demo.cpp">
      <Filter>源文件</Filter>
    </ClCompile>
    <ClCompile Include="..\..\ThirdParty\imgui-master\imgui.cpp">
      <Filter>ThirdParty\imgui</Filter>
    </ClCompile>
    <ClCompile Include="..\..\ThirdParty\imgui-master\imgui_demo.cpp">
      <Filter>ThirdParty\imgui</Filter>
    </ClCompile>
    <ClCompile Include="..\..\ThirdParty\imgui-master\imgui_draw.cpp">
      <Filter>ThirdParty\imgui</Filter>
    </ClCompile>
    <ClCompile Include="..\..\Apps\imgui_dx12\imgui_impl_dx12.cpp">
      <Filter>Apps\imgui_dx12</Filter>
    </ClCompile>
    <ClCompile Include="..\..\Apps\imgui_dx12\imgui_impl_win32.cpp">
      <Filter>Apps\imgui_dx12</Filter>
    </ClCompile>
    <ClCompile Include="..\..\Framework\Light.cpp">
      <Filter>Framework</Filter>
    </ClCompile>
    <ClCompile Include="..\..\Framework\GraphicPipeline.cpp">
      <Filter>Framework</Filter>
    </ClCompile>
    <ClCompile Include="..\..\Framework\GPUResource.cpp">
      <Filter>Framework</Filter>
    </ClCompile>
    <ClCompile Include="..\..\Apps\LightSourceApp.cpp">
      <Filter>Apps</Filter>
    </ClCompile>
    <ClCompile Include="..\..\Apps\Material_BRDF.cpp">
      <Filter>Apps</Filter>
    </ClCompile>
  </ItemGroup>
  <ItemGroup>
    <ResourceCompile Include="D3D12Demo.rc">
      <Filter>资源文件</Filter>
    </ResourceCompile>
  </ItemGroup>
  <ItemGroup>
    <Image Include="small.ico">
      <Filter>资源文件</Filter>
    </Image>
    <Image Include="D3D12Demo.ico">
      <Filter>资源文件</Filter>
    </Image>
  </ItemGroup>
  <ItemGroup>
    <None Include="..\..\Shaders\color_view_info.hlsl">
      <Filter>Shaders</Filter>
    </None>
    <None Include="..\..\Shaders\color.hlsl">
      <Filter>Shaders</Filter>
    </None>
    <None Include="..\..\Shaders\BufferDefine.hlsl">
      <Filter>Shaders</Filter>
    </None>
    <None Include="..\..\Shaders\position_color.hlsl">
      <Filter>Shaders</Filter>
    </None>
    <None Include="..\..\Shaders\light_color.hlsl">
      <Filter>Shaders</Filter>
    </None>
    <None Include="..\..\Shaders\color_material.hlsl">
      <Filter>Shaders</Filter>
    </None>
    <None Include="..\..\Shaders\light_material.hlsl">
      <Filter>Shaders</Filter>
    </None>
  </ItemGroup>
  <ItemGroup>
    <FxCompile Include="..\..\Shaders\BRDF_Lib.hlsl">
      <Filter>Shaders</Filter>
    </FxCompile>
    <FxCompile Include="..\..\Shaders\Light_Lib.hlsl">
      <Filter>Shaders</Filter>
    </FxCompile>
  </ItemGroup>
</Project>